
Microsoft Visual Studio Solution File, Format Version 12.00
# Visual Studio Version 16
VisualStudioVersion = 16.0.31313.79
MinimumVisualStudioVersion = 10.0.40219.1
Project("{9A19103F-16F7-4668-BE54-9A1E7A4F7556}") = "TestProject", "TestProject\TestProject.csproj", "{4E4E6CA6-B7DA-4B99-9107-63F3203B820C}"
EndProject
Global
	GlobalSection(SolutionConfigurationPlatforms) = preSolution
		Debug|Any CPU = Debug|Any CPU
		Release|Any CPU = Release|Any CPU
	EndGlobalSection
	GlobalSection(ProjectConfigurationPlatforms) = postSolution
		{4E4E6CA6-B7DA-4B99-9107-63F3203B820C}.Debug|Any CPU.ActiveCfg = Debug|Any CPU
		{4E4E6CA6-B7DA-4B99-9107-63F3203B820C}.Debug|Any CPU.Build.0 = Debug|Any CPU
		{4E4E6CA6-B7DA-4B99-9107-63F3203B820C}.Release|Any CPU.ActiveCfg = Release|Any CPU
		{4E4E6CA6-B7DA-4B99-9107-63F3203B820C}.Release|Any CPU.Build.0 = Release|Any CPU
	EndGlobalSection
	GlobalSection(SolutionProperties) = preSolution
		HideSolutionNode = FALSE
	EndGlobalSection
	GlobalSection(ExtensibilityGlobals) = postSolution
		SolutionGuid = {1923D82F-CD31-488B-AC26-BEC39DBEC806}
	EndGlobalSection
EndGlobal
